Microsoft Visual Studio Solution File, Format Version 12.00
# Visual Studio Version 17
VisualStudioVersion = 17.5.2.0
MinimumVisualStudioVersion = 10.0.40219.1
Project("{FAE04EC0-301F-11D3-BF4B-00C04F79EFBC}") = "EliminarElementos", "EliminarElementos.csproj", "{93B939C5-463E-7CB2-8CA1-DED4FAE6A7EE}"
EndProject
Global
	GlobalSection(SolutionConfigurationPlatforms) = preSolution
		Debug|Any CPU = Debug|Any CPU
		Release|Any CPU = Release|Any CPU
	EndGlobalSection
	GlobalSection(ProjectConfigurationPlatforms) = postSolution
		{93B939C5-463E-7CB2-8CA1-DED4FAE6A7EE}.Debug|Any CPU.ActiveCfg = Debug|Any CPU
		{93B939C5-463E-7CB2-8CA1-DED4FAE6A7EE}.Debug|Any CPU.Build.0 = Debug|Any CPU
		{93B939C5-463E-7CB2-8CA1-DED4FAE6A7EE}.Release|Any CPU.ActiveCfg = Release|Any CPU
		{93B939C5-463E-7CB2-8CA1-DED4FAE6A7EE}.Release|Any CPU.Build.0 = Release|Any CPU
	EndGlobalSection
	GlobalSection(SolutionProperties) = preSolution
		HideSolutionNode = FALSE
	EndGlobalSection
	GlobalSection(ExtensibilityGlobals) = postSolution
		SolutionGuid = {CB002B1E-B913-45DF-BE56-5E827DC8693D}
	EndGlobalSection
EndGlobal
