
Microsoft Visual Studio Solution File, Format Version 12.00
# Visual Studio Version 17
VisualStudioVersion = 17.0.31903.59
MinimumVisualStudioVersion = 10.0.40219.1
Project("{2150E333-8FDC-42A3-9474-1A3956D46DE8}") = "src", "src", "{827E0CD3-B72D-47B6-A68D-7590B98EB39B}"
EndProject
Project("{FAE04EC0-301F-11D3-BF4B-00C04F79EFBC}") = "CarteleraApi.Domain", "src\CarteleraApi.Domain\CarteleraApi.Domain.csproj", "{A1C6503E-8207-441E-A94C-403B8441E5B7}"
EndProject
Project("{FAE04EC0-301F-11D3-BF4B-00C04F79EFBC}") = "CarteleraApi.Application", "src\CarteleraApi.Application\CarteleraApi.Application.csproj", "{09B4D916-5AD5-4E4C-9EBF-8BAAC41DE4FA}"
EndProject
Project("{FAE04EC0-301F-11D3-BF4B-00C04F79EFBC}") = "CarteleraApi.Infrastructure", "src\CarteleraApi.Infrastructure\CarteleraApi.Infrastructure.csproj", "{88F5A6F4-F5BA-4C4B-B8F1-F513E8CF5D19}"
EndProject
Project("{FAE04EC0-301F-11D3-BF4B-00C04F79EFBC}") = "CarteleraApi.Api", "src\CarteleraApi.Api\CarteleraApi.Api.csproj", "{97000B5D-C59B-4EA6-80F8-98FD6760C0C3}"
EndProject
Global
	GlobalSection(SolutionConfigurationPlatforms) = preSolution
		Debug|Any CPU = Debug|Any CPU
		Debug|x64 = Debug|x64
		Debug|x86 = Debug|x86
		Release|Any CPU = Release|Any CPU
		Release|x64 = Release|x64
		Release|x86 = Release|x86
	EndGlobalSection
	GlobalSection(ProjectConfigurationPlatforms) = postSolution
		{A1C6503E-8207-441E-A94C-403B8441E5B7}.Debug|Any CPU.ActiveCfg = Debug|Any CPU
		{A1C6503E-8207-441E-A94C-403B8441E5B7}.Debug|Any CPU.Build.0 = Debug|Any CPU
		{A1C6503E-8207-441E-A94C-403B8441E5B7}.Debug|x64.ActiveCfg = Debug|Any CPU
		{A1C6503E-8207-441E-A94C-403B8441E5B7}.Debug|x64.Build.0 = Debug|Any CPU
		{A1C6503E-8207-441E-A94C-403B8441E5B7}.Debug|x86.ActiveCfg = Debug|Any CPU
		{A1C6503E-8207-441E-A94C-403B8441E5B7}.Debug|x86.Build.0 = Debug|Any CPU
		{A1C6503E-8207-441E-A94C-403B8441E5B7}.Release|Any CPU.ActiveCfg = Release|Any CPU
		{A1C6503E-8207-441E-A94C-403B8441E5B7}.Release|Any CPU.Build.0 = Release|Any CPU
		{A1C6503E-8207-441E-A94C-403B8441E5B7}.Release|x64.ActiveCfg = Release|Any CPU
		{A1C6503E-8207-441E-A94C-403B8441E5B7}.Release|x64.Build.0 = Release|Any CPU
		{A1C6503E-8207-441E-A94C-403B8441E5B7}.Release|x86.ActiveCfg = Release|Any CPU
		{A1C6503E-8207-441E-A94C-403B8441E5B7}.Release|x86.Build.0 = Release|Any CPU
		{09B4D916-5AD5-4E4C-9EBF-8BAAC41DE4FA}.Debug|Any CPU.ActiveCfg = Debug|Any CPU
		{09B4D916-5AD5-4E4C-9EBF-8BAAC41DE4FA}.Debug|Any CPU.Build.0 = Debug|Any CPU
		{09B4D916-5AD5-4E4C-9EBF-8BAAC41DE4FA}.Debug|x64.ActiveCfg = Debug|Any CPU
		{09B4D916-5AD5-4E4C-9EBF-8BAAC41DE4FA}.Debug|x64.Build.0 = Debug|Any CPU
		{09B4D916-5AD5-4E4C-9EBF-8BAAC41DE4FA}.Debug|x86.ActiveCfg = Debug|Any CPU
		{09B4D916-5AD5-4E4C-9EBF-8BAAC41DE4FA}.Debug|x86.Build.0 = Debug|Any CPU
		{09B4D916-5AD5-4E4C-9EBF-8BAAC41DE4FA}.Release|Any CPU.ActiveCfg = Release|Any CPU
		{09B4D916-5AD5-4E4C-9EBF-8BAAC41DE4FA}.Release|Any CPU.Build.0 = Release|Any CPU
		{09B4D916-5AD5-4E4C-9EBF-8BAAC41DE4FA}.Release|x64.ActiveCfg = Release|Any CPU
		{09B4D916-5AD5-4E4C-9EBF-8BAAC41DE4FA}.Release|x64.Build.0 = Release|Any CPU
		{09B4D916-5AD5-4E4C-9EBF-8BAAC41DE4FA}.Release|x86.ActiveCfg = Release|Any CPU
		{09B4D916-5AD5-4E4C-9EBF-8BAAC41DE4FA}.Release|x86.Build.0 = Release|Any CPU
		{88F5A6F4-F5BA-4C4B-B8F1-F513E8CF5D19}.Debug|Any CPU.ActiveCfg = Debug|Any CPU
		{88F5A6F4-F5BA-4C4B-B8F1-F513E8CF5D19}.Debug|Any CPU.Build.0 = Debug|Any CPU
		{88F5A6F4-F5BA-4C4B-B8F1-F513E8CF5D19}.Debug|x64.ActiveCfg = Debug|Any CPU
		{88F5A6F4-F5BA-4C4B-B8F1-F513E8CF5D19}.Debug|x64.Build.0 = Debug|Any CPU
		{88F5A6F4-F5BA-4C4B-B8F1-F513E8CF5D19}.Debug|x86.ActiveCfg = Debug|Any CPU
		{88F5A6F4-F5BA-4C4B-B8F1-F513E8CF5D19}.Debug|x86.Build.0 = Debug|Any CPU
		{88F5A6F4-F5BA-4C4B-B8F1-F513E8CF5D19}.Release|Any CPU.ActiveCfg = Release|Any CPU
		{88F5A6F4-F5BA-4C4B-B8F1-F513E8CF5D19}.Release|Any CPU.Build.0 = Release|Any CPU
		{88F5A6F4-F5BA-4C4B-B8F1-F513E8CF5D19}.Release|x64.ActiveCfg = Release|Any CPU
		{88F5A6F4-F5BA-4C4B-B8F1-F513E8CF5D19}.Release|x64.Build.0 = Release|Any CPU
		{88F5A6F4-F5BA-4C4B-B8F1-F513E8CF5D19}.Release|x86.ActiveCfg = Release|Any CPU
		{88F5A6F4-F5BA-4C4B-B8F1-F513E8CF5D19}.Release|x86.Build.0 = Release|Any CPU
		{97000B5D-C59B-4EA6-80F8-98FD6760C0C3}.Debug|Any CPU.ActiveCfg = Debug|Any CPU
		{97000B5D-C59B-4EA6-80F8-98FD6760C0C3}.Debug|Any CPU.Build.0 = Debug|Any CPU
		{97000B5D-C59B-4EA6-80F8-98FD6760C0C3}.Debug|x64.ActiveCfg = Debug|Any CPU
		{97000B5D-C59B-4EA6-80F8-98FD6760C0C3}.Debug|x64.Build.0 = Debug|Any CPU
		{97000B5D-C59B-4EA6-80F8-98FD6760C0C3}.Debug|x86.ActiveCfg = Debug|Any CPU
		{97000B5D-C59B-4EA6-80F8-98FD6760C0C3}.Debug|x86.Build.0 = Debug|Any CPU
		{97000B5D-C59B-4EA6-80F8-98FD6760C0C3}.Release|Any CPU.ActiveCfg = Release|Any CPU
		{97000B5D-C59B-4EA6-80F8-98FD6760C0C3}.Release|Any CPU.Build.0 = Release|Any CPU
		{97000B5D-C59B-4EA6-80F8-98FD6760C0C3}.Release|x64.ActiveCfg = Release|Any CPU
		{97000B5D-C59B-4EA6-80F8-98FD6760C0C3}.Release|x64.Build.0 = Release|Any CPU
		{97000B5D-C59B-4EA6-80F8-98FD6760C0C3}.Release|x86.ActiveCfg = Release|Any CPU
		{97000B5D-C59B-4EA6-80F8-98FD6760C0C3}.Release|x86.Build.0 = Release|Any CPU
	EndGlobalSection
	GlobalSection(SolutionProperties) = preSolution
		HideSolutionNode = FALSE
	EndGlobalSection
	GlobalSection(NestedProjects) = preSolution
		{A1C6503E-8207-441E-A94C-403B8441E5B7} = {827E0CD3-B72D-47B6-A68D-7590B98EB39B}
		{09B4D916-5AD5-4E4C-9EBF-8BAAC41DE4FA} = {827E0CD3-B72D-47B6-A68D-7590B98EB39B}
		{88F5A6F4-F5BA-4C4B-B8F1-F513E8CF5D19} = {827E0CD3-B72D-47B6-A68D-7590B98EB39B}
		{97000B5D-C59B-4EA6-80F8-98FD6760C0C3} = {827E0CD3-B72D-47B6-A68D-7590B98EB39B}
	EndGlobalSection
EndGlobal
