Microsoft Visual Studio Solution File, Format Version 12.00
# Visual Studio Version 17
VisualStudioVersion = 17.5.2.0
MinimumVisualStudioVersion = 10.0.40219.1
Project("{FAE04EC0-301F-11D3-BF4B-00C04F79EFBC}") = "MyFirstList", "MyFirstList.csproj", "{079D39DD-20C6-6F61-E771-09FB0D07F8F6}"
EndProject
Global
	GlobalSection(SolutionConfigurationPlatforms) = preSolution
		Debug|Any CPU = Debug|Any CPU
		Release|Any CPU = Release|Any CPU
	EndGlobalSection
	GlobalSection(ProjectConfigurationPlatforms) = postSolution
		{079D39DD-20C6-6F61-E771-09FB0D07F8F6}.Debug|Any CPU.ActiveCfg = Debug|Any CPU
		{079D39DD-20C6-6F61-E771-09FB0D07F8F6}.Debug|Any CPU.Build.0 = Debug|Any CPU
		{079D39DD-20C6-6F61-E771-09FB0D07F8F6}.Release|Any CPU.ActiveCfg = Release|Any CPU
		{079D39DD-20C6-6F61-E771-09FB0D07F8F6}.Release|Any CPU.Build.0 = Release|Any CPU
	EndGlobalSection
	GlobalSection(SolutionProperties) = preSolution
		HideSolutionNode = FALSE
	EndGlobalSection
	GlobalSection(ExtensibilityGlobals) = postSolution
		SolutionGuid = {E4C811D6-BC69-4619-9D70-C9708FFF8D59}
	EndGlobalSection
EndGlobal
