Microsoft Visual Studio Solution File, Format Version 12.00
# Visual Studio Version 17
VisualStudioVersion = 17.5.2.0
MinimumVisualStudioVersion = 10.0.40219.1
Project("{FAE04EC0-301F-11D3-BF4B-00C04F79EFBC}") = "CarteleraAppi", "CarteleraAppi.csproj", "{E0509E66-58B8-701C-FAD5-E973F1FB4171}"
EndProject
Global
	GlobalSection(SolutionConfigurationPlatforms) = preSolution
		Debug|Any CPU = Debug|Any CPU
		Release|Any CPU = Release|Any CPU
	EndGlobalSection
	GlobalSection(ProjectConfigurationPlatforms) = postSolution
		{E0509E66-58B8-701C-FAD5-E973F1FB4171}.Debug|Any CPU.ActiveCfg = Debug|Any CPU
		{E0509E66-58B8-701C-FAD5-E973F1FB4171}.Debug|Any CPU.Build.0 = Debug|Any CPU
		{E0509E66-58B8-701C-FAD5-E973F1FB4171}.Release|Any CPU.ActiveCfg = Release|Any CPU
		{E0509E66-58B8-701C-FAD5-E973F1FB4171}.Release|Any CPU.Build.0 = Release|Any CPU
	EndGlobalSection
	GlobalSection(SolutionProperties) = preSolution
		HideSolutionNode = FALSE
	EndGlobalSection
	GlobalSection(ExtensibilityGlobals) = postSolution
		SolutionGuid = {C95231B9-B864-450B-8273-441D7F404DC8}
	EndGlobalSection
EndGlobal
