Microsoft Visual Studio Solution File, Format Version 12.00
# Visual Studio Version 17
VisualStudioVersion = 17.5.2.0
MinimumVisualStudioVersion = 10.0.40219.1
Project("{FAE04EC0-301F-11D3-BF4B-00C04F79EFBC}") = "RP2-NB", "RP2-NB.csproj", "{939A6B5C-46EC-B914-E847-3158BFF60876}"
EndProject
Global
	GlobalSection(SolutionConfigurationPlatforms) = preSolution
		Debug|Any CPU = Debug|Any CPU
		Release|Any CPU = Release|Any CPU
	EndGlobalSection
	GlobalSection(ProjectConfigurationPlatforms) = postSolution
		{939A6B5C-46EC-B914-E847-3158BFF60876}.Debug|Any CPU.ActiveCfg = Debug|Any CPU
		{939A6B5C-46EC-B914-E847-3158BFF60876}.Debug|Any CPU.Build.0 = Debug|Any CPU
		{939A6B5C-46EC-B914-E847-3158BFF60876}.Release|Any CPU.ActiveCfg = Release|Any CPU
		{939A6B5C-46EC-B914-E847-3158BFF60876}.Release|Any CPU.Build.0 = Release|Any CPU
	EndGlobalSection
	GlobalSection(SolutionProperties) = preSolution
		HideSolutionNode = FALSE
	EndGlobalSection
	GlobalSection(ExtensibilityGlobals) = postSolution
		SolutionGuid = {DC84A4C5-AFF1-4A03-89DF-BD613C909CCD}
	EndGlobalSection
EndGlobal
